
Microsoft Visual Studio Solution File, Format Version 12.00
# Visual Studio Version 17
VisualStudioVersion = 17.8.34330.188
MinimumVisualStudioVersion = 10.0.40219.1
Project("{FAE04EC0-301F-11D3-BF4B-00C04F79EFBC}") = "PersonelleriListeleme", "PersonelleriListeleme\PersonelleriListeleme.csproj", "{CC2CF174-1A4D-474A-A923-949CE3271073}"
EndProject
Global
	GlobalSection(SolutionConfigurationPlatforms) = preSolution
		Debug|Any CPU = Debug|Any CPU
		Release|Any CPU = Release|Any CPU
	EndGlobalSection
	GlobalSection(ProjectConfigurationPlatforms) = postSolution
		{CC2CF174-1A4D-474A-A923-949CE3271073}.Debug|Any CPU.ActiveCfg = Debug|Any CPU
		{CC2CF174-1A4D-474A-A923-949CE3271073}.Debug|Any CPU.Build.0 = Debug|Any CPU
		{CC2CF174-1A4D-474A-A923-949CE3271073}.Release|Any CPU.ActiveCfg = Release|Any CPU
		{CC2CF174-1A4D-474A-A923-949CE3271073}.Release|Any CPU.Build.0 = Release|Any CPU
	EndGlobalSection
	GlobalSection(SolutionProperties) = preSolution
		HideSolutionNode = FALSE
	EndGlobalSection
	GlobalSection(ExtensibilityGlobals) = postSolution
		SolutionGuid = {684DFE80-330C-414F-88B5-E73C01B10B51}
	EndGlobalSection
EndGlobal
